
Microsoft Visual Studio Solution File, Format Version 12.00
# Visual Studio Version 16
Project("{8BC9CEB8-8B4A-11D0-8D11-00A0C91BC942}") = "blockits", "blockits\blockits.vcxproj", "{E0FBA070-CCC8-FB7B-F5E1-E923E10D310A}"
EndProject
Project("{8BC9CEB8-8B4A-11D0-8D11-00A0C91BC942}") = "cactus", "cactus\cactus.vcxproj", "{684AE1F5-54EC-0BCC-3DA7-1F2029E8921C}"
EndProject
Project("{8BC9CEB8-8B4A-11D0-8D11-00A0C91BC942}") = "glad", "cactus\third-party-libs\glad\glad.vcxproj", "{DD62977C-C999-980D-7286-7E105E9C140F}"
EndProject
Project("{8BC9CEB8-8B4A-11D0-8D11-00A0C91BC942}") = "glfw", "cactus\third-party-libs\glfw\glfw.vcxproj", "{9563977C-819A-980D-2A87-7E10169D140F}"
EndProject
Global
	GlobalSection(SolutionConfigurationPlatforms) = preSolution
		debug|x64 = debug|x64
		dist|x64 = dist|x64
		release|x64 = release|x64
	EndGlobalSection
	GlobalSection(ProjectConfigurationPlatforms) = postSolution
		{E0FBA070-CCC8-FB7B-F5E1-E923E10D310A}.debug|x64.ActiveCfg = debug|x64
		{E0FBA070-CCC8-FB7B-F5E1-E923E10D310A}.debug|x64.Build.0 = debug|x64
		{E0FBA070-CCC8-FB7B-F5E1-E923E10D310A}.dist|x64.ActiveCfg = dist|x64
		{E0FBA070-CCC8-FB7B-F5E1-E923E10D310A}.dist|x64.Build.0 = dist|x64
		{E0FBA070-CCC8-FB7B-F5E1-E923E10D310A}.release|x64.ActiveCfg = release|x64
		{E0FBA070-CCC8-FB7B-F5E1-E923E10D310A}.release|x64.Build.0 = release|x64
		{684AE1F5-54EC-0BCC-3DA7-1F2029E8921C}.debug|x64.ActiveCfg = debug|x64
		{684AE1F5-54EC-0BCC-3DA7-1F2029E8921C}.debug|x64.Build.0 = debug|x64
		{684AE1F5-54EC-0BCC-3DA7-1F2029E8921C}.dist|x64.ActiveCfg = dist|x64
		{684AE1F5-54EC-0BCC-3DA7-1F2029E8921C}.dist|x64.Build.0 = dist|x64
		{684AE1F5-54EC-0BCC-3DA7-1F2029E8921C}.release|x64.ActiveCfg = release|x64
		{684AE1F5-54EC-0BCC-3DA7-1F2029E8921C}.release|x64.Build.0 = release|x64
		{DD62977C-C999-980D-7286-7E105E9C140F}.debug|x64.ActiveCfg = debug|x64
		{DD62977C-C999-980D-7286-7E105E9C140F}.debug|x64.Build.0 = debug|x64
		{DD62977C-C999-980D-7286-7E105E9C140F}.dist|x64.ActiveCfg = dist|x64
		{DD62977C-C999-980D-7286-7E105E9C140F}.dist|x64.Build.0 = dist|x64
		{DD62977C-C999-980D-7286-7E105E9C140F}.release|x64.ActiveCfg = release|x64
		{DD62977C-C999-980D-7286-7E105E9C140F}.release|x64.Build.0 = release|x64
		{9563977C-819A-980D-2A87-7E10169D140F}.debug|x64.ActiveCfg = debug|x64
		{9563977C-819A-980D-2A87-7E10169D140F}.debug|x64.Build.0 = debug|x64
		{9563977C-819A-980D-2A87-7E10169D140F}.dist|x64.ActiveCfg = dist|x64
		{9563977C-819A-980D-2A87-7E10169D140F}.dist|x64.Build.0 = dist|x64
		{9563977C-819A-980D-2A87-7E10169D140F}.release|x64.ActiveCfg = release|x64
		{9563977C-819A-980D-2A87-7E10169D140F}.release|x64.Build.0 = release|x64
	EndGlobalSection
	GlobalSection(SolutionProperties) = preSolution
		HideSolutionNode = FALSE
	EndGlobalSection
EndGlobal
