<?xml version="1.0" encoding="utf-8"?>
<Project ToolsVersion="4.0" xmlns="http://schemas.microsoft.com/developer/msbuild/2003">
  <ItemGroup>
    <Filter Include="cactus">
      <UniqueIdentifier>{684AE1F5-54EC-0BCC-3DA7-1F2029E8921C}</UniqueIdentifier>
    </Filter>
    <Filter Include="cactus\events">
      <UniqueIdentifier>{6C452387-D805-9FBD-A140-E83A0DC0E399}</UniqueIdentifier>
    </Filter>
  </ItemGroup>
  <ItemGroup>
    <ClInclude Include="src\cactus.h" />
    <ClInclude Include="src\cactus\application.h">
      <Filter>cactus</Filter>
    </ClInclude>
    <ClInclude Include="src\cactus\core.h">
      <Filter>cactus</Filter>
    </ClInclude>
    <ClInclude Include="src\cactus\entry_point.h">
      <Filter>cactus</Filter>
    </ClInclude>
    <ClInclude Include="src\cactus\events\application_event.h">
      <Filter>cactus\events</Filter>
    </ClInclude>
    <ClInclude Include="src\cactus\events\event.h">
      <Filter>cactus\events</Filter>
    </ClInclude>
    <ClInclude Include="src\cactus\events\key_event.h">
      <Filter>cactus\events</Filter>
    </ClInclude>
    <ClInclude Include="src\cactus\events\mouse_event.h">
      <Filter>cactus\events</Filter>
    </ClInclude>
    <ClInclude Include="src\cactus\log.h">
      <Filter>cactus</Filter>
    </ClInclude>
  </ItemGroup>
  <ItemGroup>
    <ClCompile Include="src\cactus\application.cpp">
      <Filter>cactus</Filter>
    </ClCompile>
    <ClCompile Include="src\cactus\log.cpp">
      <Filter>cactus</Filter>
    </ClCompile>
  </ItemGroup>
</Project>